lockfile_version: '1'
generated_at: '2026-05-18T10:00:19.194902+00:00'
apm_version: 0.13.0
dependencies:
- repo_url: y-miyazaki/config
  host: github.com
  resolved_commit: 237fbd05581748a6b74dc9cb2f354cadee6d5c88
  resolved_ref: v1.1.3
  virtual_path: .apm/packages/common
  is_virtual: true
  package_type: apm_package
  deployed_files:
  - .agents/skills/agent-skills-review
  - .agents/skills/docs-creation
  - .agents/skills/github-actions-review
  - .agents/skills/github-actions-validation
  - .agents/skills/github-pr-body
  - .agents/skills/instructions-review
  - .agents/skills/markdown-validation
  - .github/instructions/agent-skills.instructions.md
  - .github/instructions/github-actions-workflow.instructions.md
  - .github/instructions/instructions.instructions.md
  - .github/instructions/markdown.instructions.md
  deployed_file_hashes:
    .github/instructions/agent-skills.instructions.md: sha256:7de8dcc111f464198eaad4993f3ec399eda109334f66039bc2918a1d8a9ff49b
    .github/instructions/github-actions-workflow.instructions.md: sha256:678597b9abb28a7cff1a3d7b2983241673dfb639c454b79e7883a17f156d1982
    .github/instructions/instructions.instructions.md: sha256:610e3abe1c39e785480d134b76d0e83af0500126378d9b9cf05f6b86f029b6f2
    .github/instructions/markdown.instructions.md: sha256:6b839095f3ba2e2dbf75824791b49ad26a9cf745ca5039c5180c01ffc57a6b74
  content_hash: sha256:cb5dd8eae9fcc37fd274a21f95bc4e7c0eb68921062828b07de6eaa85841d641
- repo_url: y-miyazaki/config
  host: github.com
  resolved_commit: 237fbd05581748a6b74dc9cb2f354cadee6d5c88
  resolved_ref: v1.1.3
  virtual_path: .apm/packages/go
  is_virtual: true
  package_type: apm_package
  deployed_files:
  - .agents/skills/go-review
  - .agents/skills/go-validation
  - .github/instructions/go.instructions.md
  deployed_file_hashes:
    .github/instructions/go.instructions.md: sha256:3823d803a47d20cf5219224cb616802acadadf71fd49108afdcb7113af861c34
  content_hash: sha256:3515e9edf8c290a2fd825ceac8f8d68d60d6525bdfefc1f720f3a79f6fe144af
- repo_url: y-miyazaki/config
  host: github.com
  resolved_commit: 237fbd05581748a6b74dc9cb2f354cadee6d5c88
  resolved_ref: v1.1.3
  virtual_path: .apm/packages/mcp/common
  is_virtual: true
  package_type: apm_package
  content_hash: sha256:1a61b9ae7a4e138fc4619fea4888456d0086722ec289b20bd4715ff69b141a8a
- repo_url: y-miyazaki/config
  host: github.com
  resolved_commit: 237fbd05581748a6b74dc9cb2f354cadee6d5c88
  resolved_ref: v1.1.3
  virtual_path: .apm/packages/mcp/performance
  is_virtual: true
  package_type: apm_package
  deployed_files:
  - .github/hooks/performance-lean-ctx.json
  deployed_file_hashes:
    .github/hooks/performance-lean-ctx.json: sha256:2d28799a2648693e4ffe109d84f5c7c31ce266fab1c292b1f5dd4da043b5c8c5
  content_hash: sha256:e251c8e56f28f6eeeaa7e5566d2e176d389720e3d3d3457a11585627ca2df064
- repo_url: y-miyazaki/config
  host: github.com
  resolved_commit: 237fbd05581748a6b74dc9cb2f354cadee6d5c88
  resolved_ref: v1.1.3
  virtual_path: .apm/packages/shell-script
  is_virtual: true
  package_type: apm_package
  deployed_files:
  - .agents/skills/shell-script-review
  - .agents/skills/shell-script-validation
  - .github/instructions/shell-script.instructions.md
  deployed_file_hashes:
    .github/instructions/shell-script.instructions.md: sha256:d1ee0f8135aa58614f6226f87cd507b3fa6a88969d520190e01c28207ef514a5
  content_hash: sha256:c0c760e9e79ecd16d7ca4548d3432444f0c5b83f5d598f75efad5ce3b896c89b
- repo_url: y-miyazaki/config
  host: github.com
  resolved_commit: 237fbd05581748a6b74dc9cb2f354cadee6d5c88
  resolved_ref: v1.1.3
  virtual_path: .apm/packages/terraform
  is_virtual: true
  package_type: apm_package
  deployed_files:
  - .agents/skills/terraform-review
  - .agents/skills/terraform-validation
  - .github/instructions/terraform.instructions.md
  deployed_file_hashes:
    .github/instructions/terraform.instructions.md: sha256:301e1b51cdb6bf2546e3681005d05075806cd2d3192585b66df934dc76e13816
  content_hash: sha256:807866615c5819c46a416e54935010d95d4ba9ca1c625b6d8c555fc914ee911f
mcp_servers:
- codebase-memory-mcp
- context7
- fetch
- github
- lean-ctx
- playwright
mcp_configs:
  codebase-memory-mcp:
    name: codebase-memory-mcp
    transport: stdio
    args: []
    registry: false
    command: codebase-memory-mcp
  context7:
    name: context7
    transport: stdio
    args:
    - -y
    - '@upstash/context7-mcp@2.2.5'
    registry: false
    command: npx
  fetch:
    name: fetch
    transport: stdio
    args:
    - mcp-server-fetch==2025.4.7
    registry: false
    command: uvx
  github:
    name: github
    transport: stdio
    args:
    - mcp-proxy
    - --transport
    - streamablehttp
    - https://api.githubcopilot.com/mcp/
    registry: false
    command: uvx
  lean-ctx:
    name: lean-ctx
    transport: stdio
    args:
    - mcp
    registry: false
    command: lean-ctx
  playwright:
    name: playwright
    transport: stdio
    args:
    - -y
    - '@playwright/mcp@0.0.75'
    registry: false
    command: npx
